
Microsoft Visual Studio Solution File, Format Version 12.00
# Visual Studio Version 17
VisualStudioVersion = 17.11.35303.130
MinimumVisualStudioVersion = 10.0.40219.1
Project("{8BC9CEB8-8B4A-11D0-8D11-00A0C91BC942}") = "DragonBurn", "DragonBurn\DragonBurn.vcxproj", "{923F8CAD-80EE-459F-92CB-AF4426280C64}"
EndProject
Global
	GlobalSection(SolutionConfigurationPlatforms) = preSolution
		Debug|x64 = Debug|x64
		Debug|x86 = Debug|x86
		Release|x64 = Release|x64
		Release|x86 = Release|x86
	EndGlobalSection
	GlobalSection(ProjectConfigurationPlatforms) = postSolution
		{923F8CAD-80EE-459F-92CB-AF4426280C64}.Debug|x64.ActiveCfg = Debug|x64
		{923F8CAD-80EE-459F-92CB-AF4426280C64}.Debug|x64.Build.0 = Debug|x64
		{923F8CAD-80EE-459F-92CB-AF4426280C64}.Debug|x86.ActiveCfg = Debug|Win32
		{923F8CAD-80EE-459F-92CB-AF4426280C64}.Debug|x86.Build.0 = Debug|Win32
		{923F8CAD-80EE-459F-92CB-AF4426280C64}.Release|x64.ActiveCfg = Release|x64
		{923F8CAD-80EE-459F-92CB-AF4426280C64}.Release|x64.Build.0 = Release|x64
		{923F8CAD-80EE-459F-92CB-AF4426280C64}.Release|x86.ActiveCfg = Release|Win32
		{923F8CAD-80EE-459F-92CB-AF4426280C64}.Release|x86.Build.0 = Release|Win32
	EndGlobalSection
	GlobalSection(SolutionProperties) = preSolution
		HideSolutionNode = FALSE
	EndGlobalSection
	GlobalSection(ExtensibilityGlobals) = postSolution
		SolutionGuid = {31BD741B-0F0D-4690-84D7-E208CD1C5717}
	EndGlobalSection
EndGlobal
