<?xml version="1.0" encoding="utf-8"?>
<Project ToolsVersion="4.0" xmlns="http://schemas.microsoft.com/developer/msbuild/2003">
  <ItemGroup>
    <Filter Include="Resources">
      <UniqueIdentifier>{8E41214B-6785-4CFE-B992-037D68949A14}</UniqueIdentifier>
      <Extensions>inf;inv;inx;mof;mc;</Extensions>
    </Filter>
    <Filter Include="Core">
      <UniqueIdentifier>{57c3a821-f99e-4b58-9578-709d77cb1bd0}</UniqueIdentifier>
    </Filter>
    <Filter Include="External">
      <UniqueIdentifier>{a6521ea7-e8ed-4dde-99b3-6fa449c4a5f5}</UniqueIdentifier>
    </Filter>
  </ItemGroup>
  <ItemGroup>
    <Inf Include="DragonBurn-kernel.inf">
      <Filter>Resources</Filter>
    </Inf>
  </ItemGroup>
  <ItemGroup>
    <ClCompile Include="main.c" />
    <ClCompile Include="Memory.c">
      <Filter>Core</Filter>
    </ClCompile>
    <ClCompile Include="Functions.c">
      <Filter>Core</Filter>
    </ClCompile>
  </ItemGroup>
  <ItemGroup>
    <ClInclude Include="Kernel.h">
      <Filter>Core</Filter>
    </ClInclude>
    <ClInclude Include="KernelApi.h">
      <Filter>External</Filter>
    </ClInclude>
    <ClInclude Include="IOCTL.h">
      <Filter>Core</Filter>
    </ClInclude>
    <ClInclude Include="Memory.h">
      <Filter>Core</Filter>
    </ClInclude>
    <ClInclude Include="resource.h">
      <Filter>Resources</Filter>
    </ClInclude>
  </ItemGroup>
  <ItemGroup>
    <ResourceCompile Include="Resource.rc">
      <Filter>Resources</Filter>
    </ResourceCompile>
  </ItemGroup>
</Project>