<?xml version="1.0" encoding="utf-8"?>
<Project ToolsVersion="4.0" xmlns="http://schemas.microsoft.com/developer/msbuild/2003">
  <ItemGroup>
    <ClCompile Include="main.cpp" />
    <ClCompile Include="Helpers\Logger.cpp" />
    <ClCompile Include="Core\Setup.cpp" />
    <ClCompile Include="Helpers\WebRequest.cpp" />
    <ClCompile Include="Core\Offsets.cpp" />
    <ClCompile Include="Core\MemoryManager.cpp" />
    <ClCompile Include="Game\Game.cpp" />
    <ClCompile Include="Configs\ConfigManager.cpp" />
    <ClCompile Include="Configs\ConfigSystem.cpp" />
    <ClCompile Include="Configs\ValuesHandler.cpp" />
  </ItemGroup>
  <ItemGroup>
    <ClInclude Include="Helpers\Logger.h" />
    <ClInclude Include="Core\Setup.h" />
    <ClInclude Include="Helpers\WebRequest.h" />
    <ClInclude Include="Core\Config.h" />
    <ClInclude Include="Core\Offsets.h" />
    <ClInclude Include="Core\MemoryManager.h" />
    <ClInclude Include="Game\Game.h" />
    <ClInclude Include="Configs\ConfigManager.h" />
    <ClInclude Include="Configs\ValuesHandler.h" />
  </ItemGroup>
</Project>